
Microsoft Visual Studio Solution File, Format Version 12.00
# Visual Studio 15
VisualStudioVersion = 15.0.28307.572
MinimumVisualStudioVersion = 10.0.40219.1
Project("{FAE04EC0-301F-11D3-BF4B-00C04F79EFBC}") = "WebFormApp", "WebFormApp\WebFormApp.csproj", "{68803909-6CB6-4A8B-A83C-F2B87F67D285}"
EndProject
Project("{FAE04EC0-301F-11D3-BF4B-00C04F79EFBC}") = "TestApp", "TestApp\TestApp.csproj", "{4AAC6B40-F4DD-4FB1-9775-3449E8B8A5FD}"
EndProject
Project("{FAE04EC0-301F-11D3-BF4B-00C04F79EFBC}") = "PublishEvents", "PublishEvents\PublishEvents.csproj", "{2B1573A6-795F-4893-B421-6EB8B5571299}"
EndProject
Global
	GlobalSection(SolutionConfigurationPlatforms) = preSolution
		Debug|Any CPU = Debug|Any CPU
		Release|Any CPU = Release|Any CPU
	EndGlobalSection
	GlobalSection(ProjectConfigurationPlatforms) = postSolution
		{68803909-6CB6-4A8B-A83C-F2B87F67D285}.Debug|Any CPU.ActiveCfg = Debug|Any CPU
		{68803909-6CB6-4A8B-A83C-F2B87F67D285}.Debug|Any CPU.Build.0 = Debug|Any CPU
		{68803909-6CB6-4A8B-A83C-F2B87F67D285}.Release|Any CPU.ActiveCfg = Release|Any CPU
		{68803909-6CB6-4A8B-A83C-F2B87F67D285}.Release|Any CPU.Build.0 = Release|Any CPU
		{4AAC6B40-F4DD-4FB1-9775-3449E8B8A5FD}.Debug|Any CPU.ActiveCfg = Debug|Any CPU
		{4AAC6B40-F4DD-4FB1-9775-3449E8B8A5FD}.Debug|Any CPU.Build.0 = Debug|Any CPU
		{4AAC6B40-F4DD-4FB1-9775-3449E8B8A5FD}.Release|Any CPU.ActiveCfg = Release|Any CPU
		{4AAC6B40-F4DD-4FB1-9775-3449E8B8A5FD}.Release|Any CPU.Build.0 = Release|Any CPU
		{2B1573A6-795F-4893-B421-6EB8B5571299}.Debug|Any CPU.ActiveCfg = Debug|Any CPU
		{2B1573A6-795F-4893-B421-6EB8B5571299}.Debug|Any CPU.Build.0 = Debug|Any CPU
		{2B1573A6-795F-4893-B421-6EB8B5571299}.Release|Any CPU.ActiveCfg = Release|Any CPU
		{2B1573A6-795F-4893-B421-6EB8B5571299}.Release|Any CPU.Build.0 = Release|Any CPU
	EndGlobalSection
	GlobalSection(SolutionProperties) = preSolution
		HideSolutionNode = FALSE
	EndGlobalSection
	GlobalSection(ExtensibilityGlobals) = postSolution
		SolutionGuid = {B9C5B1A7-1B2A-4022-8655-F16B6903216A}
	EndGlobalSection
EndGlobal
